
Microsoft Visual Studio Solution File, Format Version 12.00
# Visual Studio 15
VisualStudioVersion = 15.0.27703.2047
MinimumVisualStudioVersion = 10.0.40219.1
Project("{8BC9CEB8-8B4A-11D0-8D11-00A0C91BC942}") = "Copying_Copy_Constructors", "Copying_Copy_Constructors\Copying_Copy_Constructors.vcxproj", "{47FAB3B1-019E-4360-81E7-A0F0384A8EB5}"
EndProject
Global
	GlobalSection(SolutionConfigurationPlatforms) = preSolution
		Debug|x64 = Debug|x64
		Debug|x86 = Debug|x86
		Release|x64 = Release|x64
		Release|x86 = Release|x86
	EndGlobalSection
	GlobalSection(ProjectConfigurationPlatforms) = postSolution
		{47FAB3B1-019E-4360-81E7-A0F0384A8EB5}.Debug|x64.ActiveCfg = Debug|x64
		{47FAB3B1-019E-4360-81E7-A0F0384A8EB5}.Debug|x64.Build.0 = Debug|x64
		{47FAB3B1-019E-4360-81E7-A0F0384A8EB5}.Debug|x86.ActiveCfg = Debug|Win32
		{47FAB3B1-019E-4360-81E7-A0F0384A8EB5}.Debug|x86.Build.0 = Debug|Win32
		{47FAB3B1-019E-4360-81E7-A0F0384A8EB5}.Release|x64.ActiveCfg = Release|x64
		{47FAB3B1-019E-4360-81E7-A0F0384A8EB5}.Release|x64.Build.0 = Release|x64
		{47FAB3B1-019E-4360-81E7-A0F0384A8EB5}.Release|x86.ActiveCfg = Release|Win32
		{47FAB3B1-019E-4360-81E7-A0F0384A8EB5}.Release|x86.Build.0 = Release|Win32
	EndGlobalSection
	GlobalSection(SolutionProperties) = preSolution
		HideSolutionNode = FALSE
	EndGlobalSection
	GlobalSection(ExtensibilityGlobals) = postSolution
		SolutionGuid = {9CD04FAD-41DE-48C9-BE4D-D23E4949B5E6}
	EndGlobalSection
EndGlobal
